<?xml version="1.0" encoding="utf-8"?>
<Project ToolsVersion="4.0" xmlns="http://schemas.microsoft.com/developer/msbuild/2003">
  <ItemGroup>
    <ClCompile Include="main.cpp" />
    <ClCompile Include="ImGui\imgui_impl_opengl3.cpp">
      <Filter>ImGui</Filter>
    </ClCompile>
    <ClCompile Include="ImGui\imgui_impl_sdl.cpp">
      <Filter>ImGui</Filter>
    </ClCompile>
    <ClCompile Include="Tools\prettyprinter.cpp" />
    <ClCompile Include="ImGui\imgui.cpp">
      <Filter>ImGui</Filter>
    </ClCompile>
    <ClCompile Include="ImGui\imgui_demo.cpp">
      <Filter>ImGui</Filter>
    </ClCompile>
    <ClCompile Include="ImGui\imgui_draw.cpp">
      <Filter>ImGui</Filter>
    </ClCompile>
    <ClCompile Include="ImGui\imgui_tables.cpp">
      <Filter>ImGui</Filter>
    </ClCompile>
    <ClCompile Include="ImGui\imgui_widgets.cpp">
      <Filter>ImGui</Filter>
    </ClCompile>
    <ClCompile Include="ImGui\glad.c">
      <Filter>ImGui</Filter>
    </ClCompile>
    <ClCompile Include="Display\display.cpp">
      <Filter>Display</Filter>
    </ClCompile>
    <ClCompile Include="Gameboy\Bus\bus.cpp" />
    <ClCompile Include="Gameboy\Cartridge\cartridge.cpp" />
    <ClCompile Include="Gameboy\CPU\cpu.cpp" />
    <ClCompile Include="Gameboy\PPU\ppu.cpp" />
  </ItemGroup>
  <ItemGroup>
    <ClInclude Include="Bus\bus.h">
      <Filter>Gameboy\Bus</Filter>
    </ClInclude>
    <ClInclude Include="Cartridge\cartridge.h">
      <Filter>Gameboy\Cartridge</Filter>
    </ClInclude>
    <ClInclude Include="CPU\cpu.h">
      <Filter>Gameboy\CPU</Filter>
    </ClInclude>
    <ClInclude Include="Display\display.h">
      <Filter>Display</Filter>
    </ClInclude>
    <ClInclude Include="ImGui\imgui_impl_sdl.h">
      <Filter>ImGui</Filter>
    </ClInclude>
    <ClInclude Include="ImGui\imgui_impl_opengl3.h">
      <Filter>ImGui</Filter>
    </ClInclude>
    <ClInclude Include="Tools\prettyprinter.h" />
    <ClInclude Include="ImGui\imconfig.h">
      <Filter>ImGui</Filter>
    </ClInclude>
    <ClInclude Include="ImGui\imgui.h">
      <Filter>ImGui</Filter>
    </ClInclude>
    <ClInclude Include="ImGui\imgui_internal.h">
      <Filter>ImGui</Filter>
    </ClInclude>
    <ClInclude Include="ImGui\imstb_rectpack.h">
      <Filter>ImGui</Filter>
    </ClInclude>
    <ClInclude Include="ImGui\imstb_textedit.h">
      <Filter>ImGui</Filter>
    </ClInclude>
    <ClInclude Include="ImGui\imstb_truetype.h">
      <Filter>ImGui</Filter>
    </ClInclude>
    <ClInclude Include="ImGui\stb_image.h">
      <Filter>ImGui</Filter>
    </ClInclude>
    <ClInclude Include="ImGui\imfilebrowser.h">
      <Filter>ImGui</Filter>
    </ClInclude>
    <ClInclude Include="Gameboy\Bus\bus.h" />
    <ClInclude Include="Gameboy\Cartridge\cartridge.h" />
    <ClInclude Include="Gameboy\CPU\cpu.h" />
    <ClInclude Include="Gameboy\PPU\ppu.h" />
    <ClInclude Include="Gameboy\Utils\cpu_const.h" />
    <ClInclude Include="Gameboy\gameboy.h" />
  </ItemGroup>
  <ItemGroup>
    <Filter Include="ImGui">
      <UniqueIdentifier>{708ca9c6-b2cc-4b7f-a00d-aee9ab2ee5d1}</UniqueIdentifier>
    </Filter>
    <Filter Include="Display">
      <UniqueIdentifier>{9dbb3ae6-ecc4-4f4f-88c2-2ecbc88eb033}</UniqueIdentifier>
    </Filter>
    <Filter Include="Gameboy">
      <UniqueIdentifier>{0f94ffc1-8021-4dbe-9e2c-ec0e624ecb3e}</UniqueIdentifier>
    </Filter>
    <Filter Include="Gameboy\PPU">
      <UniqueIdentifier>{babe1f19-f62a-40c5-82a7-267eacf0ebbd}</UniqueIdentifier>
    </Filter>
    <Filter Include="Gameboy\CPU">
      <UniqueIdentifier>{735eb93b-2c15-442b-a760-582c860e779d}</UniqueIdentifier>
    </Filter>
    <Filter Include="Gameboy\Cartridge">
      <UniqueIdentifier>{2cc6d9c9-7813-4254-a185-ff6c45c55ebe}</UniqueIdentifier>
    </Filter>
    <Filter Include="Gameboy\Bus">
      <UniqueIdentifier>{3a4bb32a-641d-4c2c-b7db-260596554b8a}</UniqueIdentifier>
    </Filter>
    <Filter Include="Gameboy\Utils">
      <UniqueIdentifier>{a79ab9a0-b38c-4b95-ad54-9cdf5ab602b7}</UniqueIdentifier>
    </Filter>
  </ItemGroup>
</Project>