<?xml version="1.0" encoding="utf-8"?>
<Project ToolsVersion="4.0" xmlns="http://schemas.microsoft.com/developer/msbuild/2003">
  <ItemGroup>
    <Filter Include="Source Files">
      <UniqueIdentifier>{4FC737F1-C7A5-4376-A066-2A32D752A2FF}</UniqueIdentifier>
      <Extensions>cpp;c;cc;cxx;c++;def;odl;idl;hpj;bat;asm;asmx</Extensions>
    </Filter>
    <Filter Include="Header Files">
      <UniqueIdentifier>{93995380-89BD-4b04-88EB-625FBE52EBFB}</UniqueIdentifier>
      <Extensions>h;hh;hpp;hxx;h++;hm;inl;inc;ipp;xsd</Extensions>
    </Filter>
    <Filter Include="Resource Files">
      <UniqueIdentifier>{67DA6AB6-F800-4c08-8B7A-83BB121AAD01}</UniqueIdentifier>
      <Extensions>rc;ico;cur;bmp;dlg;rc2;rct;bin;rgs;gif;jpg;jpeg;jpe;resx;tiff;tif;png;wav;mfcribbon-ms</Extensions>
    </Filter>
    <Filter Include="Source Files\Objects">
      <UniqueIdentifier>{65ec06e8-248c-4455-beb9-976d1a1f78ab}</UniqueIdentifier>
    </Filter>
    <Filter Include="Header Files\Objects">
      <UniqueIdentifier>{28240ed8-659c-4b4d-838a-87c6dccbaeb7}</UniqueIdentifier>
    </Filter>
  </ItemGroup>
  <ItemGroup>
    <ClCompile Include="main.cpp">
      <Filter>Source Files</Filter>
    </ClCompile>
    <ClCompile Include="cpu.cpp">
      <Filter>Source Files</Filter>
    </ClCompile>
    <ClCompile Include="bus.cpp">
      <Filter>Source Files</Filter>
    </ClCompile>
    <ClCompile Include="gpu.cpp">
      <Filter>Source Files</Filter>
    </ClCompile>
    <ClCompile Include="SDL_FontCache\SDL_FontCache.c">
      <Filter>Source Files</Filter>
    </ClCompile>
    <ClCompile Include="cartridge.cpp">
      <Filter>Source Files</Filter>
    </ClCompile>
    <ClCompile Include="disassembler.cpp">
      <Filter>Source Files</Filter>
    </ClCompile>
    <ClCompile Include="textbox.cpp">
      <Filter>Source Files\Objects</Filter>
    </ClCompile>
    <ClCompile Include="object.cpp">
      <Filter>Source Files\Objects</Filter>
    </ClCompile>
    <ClCompile Include="button.cpp">
      <Filter>Source Files\Objects</Filter>
    </ClCompile>
  </ItemGroup>
  <ItemGroup>
    <ClInclude Include="bus.h">
      <Filter>Header Files</Filter>
    </ClInclude>
    <ClInclude Include="gpu.h">
      <Filter>Header Files</Filter>
    </ClInclude>
    <ClInclude Include="SDL_FontCache\SDL_FontCache.h">
      <Filter>Header Files</Filter>
    </ClInclude>
    <ClInclude Include="cartridge.h">
      <Filter>Header Files</Filter>
    </ClInclude>
    <ClInclude Include="disassembler.h">
      <Filter>Header Files</Filter>
    </ClInclude>
    <ClInclude Include="textbox.h">
      <Filter>Header Files\Objects</Filter>
    </ClInclude>
    <ClInclude Include="object.h">
      <Filter>Header Files\Objects</Filter>
    </ClInclude>
    <ClInclude Include="button.h">
      <Filter>Header Files\Objects</Filter>
    </ClInclude>
    <ClInclude Include="cpu_const.h">
      <Filter>Header Files</Filter>
    </ClInclude>
    <ClInclude Include="cpu.h">
      <Filter>Header Files</Filter>
    </ClInclude>
  </ItemGroup>
  <ItemGroup>
    <Font Include="PressStart2P-vaV7.ttf" />
  </ItemGroup>
</Project>