<?xml version="1.0" encoding="utf-8"?>
<Project ToolsVersion="4.0" xmlns="http://schemas.microsoft.com/developer/msbuild/2003">
  <ItemGroup>
    <ClCompile Include="main.cpp" />
    <ClCompile Include="ImGui\imgui_impl_opengl3.cpp">
      <Filter>ImGui</Filter>
    </ClCompile>
    <ClCompile Include="ImGui\imgui_impl_sdl.cpp">
      <Filter>ImGui</Filter>
    </ClCompile>
    <ClCompile Include="ImGui\imgui.cpp">
      <Filter>ImGui</Filter>
    </ClCompile>
    <ClCompile Include="ImGui\imgui_demo.cpp">
      <Filter>ImGui</Filter>
    </ClCompile>
    <ClCompile Include="ImGui\imgui_draw.cpp">
      <Filter>ImGui</Filter>
    </ClCompile>
    <ClCompile Include="ImGui\imgui_tables.cpp">
      <Filter>ImGui</Filter>
    </ClCompile>
    <ClCompile Include="ImGui\imgui_widgets.cpp">
      <Filter>ImGui</Filter>
    </ClCompile>
    <ClCompile Include="ImGui\glad.c">
      <Filter>ImGui</Filter>
    </ClCompile>
    <ClCompile Include="Display\display.cpp">
      <Filter>Display</Filter>
    </ClCompile>
    <ClCompile Include="Gameboy\Bus\bus.cpp">
      <Filter>Gameboy\Bus</Filter>
    </ClCompile>
    <ClCompile Include="Gameboy\Cartridge\cartridge.cpp">
      <Filter>Gameboy\Cartridge</Filter>
    </ClCompile>
    <ClCompile Include="Gameboy\CPU\cpu.cpp">
      <Filter>Gameboy\CPU</Filter>
    </ClCompile>
    <ClCompile Include="Gameboy\PPU\ppu.cpp">
      <Filter>Gameboy\PPU</Filter>
    </ClCompile>
    <ClCompile Include="Tools\prettyprinter.cpp">
      <Filter>Tools</Filter>
    </ClCompile>
    <ClCompile Include="Gameboy\gameboy.cpp">
      <Filter>Gameboy</Filter>
    </ClCompile>
    <ClCompile Include="Display\Applications\disassembler.h" />
    <ClCompile Include="Tools\disassembly_instr.cpp" />
  </ItemGroup>
  <ItemGroup>
    <ClInclude Include="Display\display.h">
      <Filter>Display</Filter>
    </ClInclude>
    <ClInclude Include="ImGui\imgui_impl_sdl.h">
      <Filter>ImGui</Filter>
    </ClInclude>
    <ClInclude Include="ImGui\imgui_impl_opengl3.h">
      <Filter>ImGui</Filter>
    </ClInclude>
    <ClInclude Include="ImGui\imconfig.h">
      <Filter>ImGui</Filter>
    </ClInclude>
    <ClInclude Include="ImGui\imgui.h">
      <Filter>ImGui</Filter>
    </ClInclude>
    <ClInclude Include="ImGui\imgui_internal.h">
      <Filter>ImGui</Filter>
    </ClInclude>
    <ClInclude Include="ImGui\imstb_rectpack.h">
      <Filter>ImGui</Filter>
    </ClInclude>
    <ClInclude Include="ImGui\imstb_textedit.h">
      <Filter>ImGui</Filter>
    </ClInclude>
    <ClInclude Include="ImGui\imstb_truetype.h">
      <Filter>ImGui</Filter>
    </ClInclude>
    <ClInclude Include="ImGui\stb_image.h">
      <Filter>ImGui</Filter>
    </ClInclude>
    <ClInclude Include="Display\Applications\imfilebrowser.h">
      <Filter>ImGui</Filter>
    </ClInclude>
    <ClInclude Include="Gameboy\Bus\bus.h">
      <Filter>Gameboy\Bus</Filter>
    </ClInclude>
    <ClInclude Include="Gameboy\Cartridge\cartridge.h">
      <Filter>Gameboy\Cartridge</Filter>
    </ClInclude>
    <ClInclude Include="Gameboy\CPU\cpu.h">
      <Filter>Gameboy\CPU</Filter>
    </ClInclude>
    <ClInclude Include="Gameboy\Utils\cpu_const.h">
      <Filter>Gameboy\Utils</Filter>
    </ClInclude>
    <ClInclude Include="Gameboy\gameboy.h">
      <Filter>Gameboy</Filter>
    </ClInclude>
    <ClInclude Include="Gameboy\PPU\ppu.h">
      <Filter>Gameboy\PPU</Filter>
    </ClInclude>
    <ClInclude Include="Tools\prettyprinter.h">
      <Filter>Tools</Filter>
    </ClInclude>
    <ClInclude Include="emulator.h" />
    <ClInclude Include="Tools\TKPImage.h">
      <Filter>Tools</Filter>
    </ClInclude>
    <ClInclude Include="Tools\disassembly_instr.h" />
    <ClInclude Include="Display\Applications\base_application.h" />
    <ClInclude Include="Display\Applications\settings.h" />
    <ClInclude Include="Display\Applications\application_settings.h" />
  </ItemGroup>
  <ItemGroup>
    <Filter Include="ImGui">
      <UniqueIdentifier>{708ca9c6-b2cc-4b7f-a00d-aee9ab2ee5d1}</UniqueIdentifier>
    </Filter>
    <Filter Include="Display">
      <UniqueIdentifier>{9dbb3ae6-ecc4-4f4f-88c2-2ecbc88eb033}</UniqueIdentifier>
    </Filter>
    <Filter Include="Gameboy">
      <UniqueIdentifier>{0f94ffc1-8021-4dbe-9e2c-ec0e624ecb3e}</UniqueIdentifier>
    </Filter>
    <Filter Include="Gameboy\PPU">
      <UniqueIdentifier>{babe1f19-f62a-40c5-82a7-267eacf0ebbd}</UniqueIdentifier>
    </Filter>
    <Filter Include="Gameboy\CPU">
      <UniqueIdentifier>{735eb93b-2c15-442b-a760-582c860e779d}</UniqueIdentifier>
    </Filter>
    <Filter Include="Gameboy\Cartridge">
      <UniqueIdentifier>{2cc6d9c9-7813-4254-a185-ff6c45c55ebe}</UniqueIdentifier>
    </Filter>
    <Filter Include="Gameboy\Bus">
      <UniqueIdentifier>{3a4bb32a-641d-4c2c-b7db-260596554b8a}</UniqueIdentifier>
    </Filter>
    <Filter Include="Gameboy\Utils">
      <UniqueIdentifier>{a79ab9a0-b38c-4b95-ad54-9cdf5ab602b7}</UniqueIdentifier>
    </Filter>
    <Filter Include="Tools">
      <UniqueIdentifier>{3f2046c1-2ddd-446b-86ef-458edfcd7929}</UniqueIdentifier>
    </Filter>
    <Filter Include="Resources">
      <UniqueIdentifier>{c1236ac6-c4d5-433c-9517-a0c0e0901592}</UniqueIdentifier>
    </Filter>
    <Filter Include="Resources\Images">
      <UniqueIdentifier>{88867aed-f412-4add-bb7f-5065f1f8c021}</UniqueIdentifier>
    </Filter>
  </ItemGroup>
  <ItemGroup>
    <CopyFileToFolders Include="Resources\Images\tkp_bg.jpg">
      <Filter>Resources\Images</Filter>
    </CopyFileToFolders>
  </ItemGroup>
</Project>